
Microsoft Visual Studio Solution File, Format Version 12.00
# Visual Studio Version 17
VisualStudioVersion = 17.8.34330.188
MinimumVisualStudioVersion = 10.0.40219.1
Project("{FAE04EC0-301F-11D3-BF4B-00C04F79EFBC}") = "SkillsInternationalStudentManager", "SkillsInternationalStudentManager\SkillsInternationalStudentManager.csproj", "{ADE919E8-F938-494C-9DB7-094084945854}"
EndProject
Global
	GlobalSection(SolutionConfigurationPlatforms) = preSolution
		Debug|Any CPU = Debug|Any CPU
		Release|Any CPU = Release|Any CPU
	EndGlobalSection
	GlobalSection(ProjectConfigurationPlatforms) = postSolution
		{ADE919E8-F938-494C-9DB7-094084945854}.Debug|Any CPU.ActiveCfg = Debug|Any CPU
		{ADE919E8-F938-494C-9DB7-094084945854}.Debug|Any CPU.Build.0 = Debug|Any CPU
		{ADE919E8-F938-494C-9DB7-094084945854}.Release|Any CPU.ActiveCfg = Release|Any CPU
		{ADE919E8-F938-494C-9DB7-094084945854}.Release|Any CPU.Build.0 = Release|Any CPU
	EndGlobalSection
	GlobalSection(SolutionProperties) = preSolution
		HideSolutionNode = FALSE
	EndGlobalSection
	GlobalSection(ExtensibilityGlobals) = postSolution
		SolutionGuid = {FE970254-3C30-47A5-8E93-3562F3D266A4}
	EndGlobalSection
EndGlobal
